{
  "name": "solvd.laba",
  "version": "1.0.0",
  "lockfileVersion": 3,
  "requires": true,
  "packages": {
    "": {
      "name": "solvd.laba",
      "version": "1.0.0",
      "license": "ISC",
      "workspaces": [
        "HomeWork/*"
      ]
    },
    "HomeWork/1-StringOperation": {
      "name": "1-stringoperation",
      "version": "1.0.0",
      "license": "ISC"
    },
    "HomeWork/2-TypeUtil": {
      "name": "2-typeutil",
      "version": "1.0.0",
      "license": "ISC"
    },
    "node_modules/1-stringoperation": {
      "resolved": "HomeWork/1-StringOperation",
      "link": true
    },
    "node_modules/2-typeutil": {
      "resolved": "HomeWork/2-TypeUtil",
      "link": true
    }
  }
}
